// !$*UTF8*$!
{
	archiveVersion = 1;
	classes = {
	};
	objectVersion = 55;
	objects = {

/* Begin PBXBuildFile section */
		53AE8E592963275600E4E080 /* AppDelegate.swift in Sources */ = {isa = PBXBuildFile; fileRef = 53AE8E582963275600E4E080 /* AppDelegate.swift */; };
		53AE8E5B2963275600E4E080 /* SceneDelegate.swift in Sources */ = {isa = PBXBuildFile; fileRef = 53AE8E5A2963275600E4E080 /* SceneDelegate.swift */; };
		53AE8E5D2963275600E4E080 /* ViewController.swift in Sources */ = {isa = PBXBuildFile; fileRef = 53AE8E5C2963275600E4E080 /* ViewController.swift */; };
		53AE8E602963275600E4E080 /* Main.storyboard in Resources */ = {isa = PBXBuildFile; fileRef = 53AE8E5E2963275600E4E080 /* Main.storyboard */; };
		53AE8E622963275E00E4E080 /* Assets.xcassets in Resources */ = {isa = PBXBuildFile; fileRef = 53AE8E612963275E00E4E080 /* Assets.xcassets */; };
		53AE8E652963275E00E4E080 /* LaunchScreen.storyboard in Resources */ = {isa = PBXBuildFile; fileRef = 53AE8E632963275E00E4E080 /* LaunchScreen.storyboard */; };
		53AE8E7229636CC100E4E080 /* UserProvider.swift in Sources */ = {isa = PBXBuildFile; fileRef = 53AE8E7129636CC100E4E080 /* UserProvider.swift */; };
		53AE8E7729636D9200E4E080 /* UserModel.swift in Sources */ = {isa = PBXBuildFile; fileRef = 53AE8E7629636D9200E4E080 /* UserModel.swift */; };
		53AE8E7A2963732900E4E080 /* Constants.swift in Sources */ = {isa = PBXBuildFile; fileRef = 53AE8E792963732800E4E080 /* Constants.swift */; };
		820D01940AE70CA9D6F7381B /* Pods_SwiftArquitetura.framework in Frameworks */ = {isa = PBXBuildFile; fileRef = 95727D11ED6D6BAEF84C8A48 /* Pods_SwiftArquitetura.framework */; };
/* End PBXBuildFile section */

/* Begin PBXFileReference section */
		18E2E2CD9E29772F5A935BB7 /* Pods-SwiftArquitetura.debug.xcconfig */ = {isa = PBXFileReference; includeInIndex = 1; lastKnownFileType = text.xcconfig; name = "Pods-SwiftArquitetura.debug.xcconfig"; path = "Target Support Files/Pods-SwiftArquitetura/Pods-SwiftArquitetura.debug.xcconfig"; sourceTree = "<group>"; };
		53AE8E552963275600E4E080 /* SwiftArquitetura.app */ = {isa = PBXFileReference; explicitFileType = wrapper.application; includeInIndex = 0; path = SwiftArquitetura.app; sourceTree = BUILT_PRODUCTS_DIR; };
		53AE8E582963275600E4E080 /* AppDelegate.swift */ = {isa = PBXFileReference; lastKnownFileType = sourcecode.swift; path = AppDelegate.swift; sourceTree = "<group>"; };
		53AE8E5A2963275600E4E080 /* SceneDelegate.swift */ = {isa = PBXFileReference; lastKnownFileType = sourcecode.swift; path = SceneDelegate.swift; sourceTree = "<group>"; };
		53AE8E5C2963275600E4E080 /* ViewController.swift */ = {isa = PBXFileReference; lastKnownFileType = sourcecode.swift; path = ViewController.swift; sourceTree = "<group>"; };
		53AE8E5F2963275600E4E080 /* Base */ = {isa = PBXFileReference; lastKnownFileType = file.storyboard; name = Base; path = Base.lproj/Main.storyboard; sourceTree = "<group>"; };
		53AE8E612963275E00E4E080 /* Assets.xcassets */ = {isa = PBXFileReference; lastKnownFileType = folder.assetcatalog; path = Assets.xcassets; sourceTree = "<group>"; };
		53AE8E642963275E00E4E080 /* Base */ = {isa = PBXFileReference; lastKnownFileType = file.storyboard; name = Base; path = Base.lproj/LaunchScreen.storyboard; sourceTree = "<group>"; };
		53AE8E662963275E00E4E080 /* Info.plist */ = {isa = PBXFileReference; lastKnownFileType = text.plist.xml; path = Info.plist; sourceTree = "<group>"; };
		53AE8E7129636CC100E4E080 /* UserProvider.swift */ = {isa = PBXFileReference; lastKnownFileType = sourcecode.swift; path = UserProvider.swift; sourceTree = "<group>"; };
		53AE8E7629636D9200E4E080 /* UserModel.swift */ = {isa = PBXFileReference; lastKnownFileType = sourcecode.swift; path = UserModel.swift; sourceTree = "<group>"; };
		53AE8E792963732800E4E080 /* Constants.swift */ = {isa = PBXFileReference; lastKnownFileType = sourcecode.swift; path = Constants.swift; sourceTree = "<group>"; };
		95727D11ED6D6BAEF84C8A48 /* Pods_SwiftArquitetura.framework */ = {isa = PBXFileReference; explicitFileType = wrapper.framework; includeInIndex = 0; path = Pods_SwiftArquitetura.framework; sourceTree = BUILT_PRODUCTS_DIR; };
		C4A82D5DF751001CD57B12A8 /* Pods-SwiftArquitetura.release.xcconfig */ = {isa = PBXFileReference; includeInIndex = 1; lastKnownFileType = text.xcconfig; name = "Pods-SwiftArquitetura.release.xcconfig"; path = "Target Support Files/Pods-SwiftArquitetura/Pods-SwiftArquitetura.release.xcconfig"; sourceTree = "<group>"; };
/* End PBXFileReference section */

/* Begin PBXFrameworksBuildPhase section */
		53AE8E522963275600E4E080 /* Frameworks */ = {
			isa = PBXFrameworksBuildPhase;
			buildActionMask = 2147483647;
			files = (
				820D01940AE70CA9D6F7381B /* Pods_SwiftArquitetura.framework in Frameworks */,
			);
			runOnlyForDeploymentPostprocessing = 0;
		};
/* End PBXFrameworksBuildPhase section */

/* Begin PBXGroup section */
		53AE8E4C2963275500E4E080 = {
			isa = PBXGroup;
			children = (
				53AE8E572963275600E4E080 /* SwiftArquitetura */,
				53AE8E562963275600E4E080 /* Products */,
				9CC125CB79F9AA508E2A1863 /* Pods */,
				D8A1DD8909C2656C98B192B9 /* Frameworks */,
			);
			sourceTree = "<group>";
		};
		53AE8E562963275600E4E080 /* Products */ = {
			isa = PBXGroup;
			children = (
				53AE8E552963275600E4E080 /* SwiftArquitetura.app */,
			);
			name = Products;
			sourceTree = "<group>";
		};
		53AE8E572963275600E4E080 /* SwiftArquitetura */ = {
			isa = PBXGroup;
			children = (
				53AE8E78296372F200E4E080 /* Infrastructure */,
				53AE8E6D29633EF300E4E080 /* API */,
				53AE8E6C29633EB700E4E080 /* Source */,
				53AE8E662963275E00E4E080 /* Info.plist */,
			);
			path = SwiftArquitetura;
			sourceTree = "<group>";
		};
		53AE8E6C29633EB700E4E080 /* Source */ = {
			isa = PBXGroup;
			children = (
				53AE8E5A2963275600E4E080 /* SceneDelegate.swift */,
				53AE8E5C2963275600E4E080 /* ViewController.swift */,
				53AE8E582963275600E4E080 /* AppDelegate.swift */,
				53AE8E5E2963275600E4E080 /* Main.storyboard */,
				53AE8E612963275E00E4E080 /* Assets.xcassets */,
				53AE8E632963275E00E4E080 /* LaunchScreen.storyboard */,
			);
			path = Source;
			sourceTree = "<group>";
		};
		53AE8E6D29633EF300E4E080 /* API */ = {
			isa = PBXGroup;
			children = (
				53AE8E7329636D4100E4E080 /* Model */,
				53AE8E7029633F3100E4E080 /* Business */,
				53AE8E6F29633F2100E4E080 /* Manager */,
				53AE8E6E29633F0D00E4E080 /* Provider */,
			);
			path = API;
			sourceTree = "<group>";
		};
		53AE8E6E29633F0D00E4E080 /* Provider */ = {
			isa = PBXGroup;
			children = (
				53AE8E7129636CC100E4E080 /* UserProvider.swift */,
			);
			path = Provider;
			sourceTree = "<group>";
		};
		53AE8E6F29633F2100E4E080 /* Manager */ = {
			isa = PBXGroup;
			children = (
			);
			path = Manager;
			sourceTree = "<group>";
		};
		53AE8E7029633F3100E4E080 /* Business */ = {
			isa = PBXGroup;
			children = (
			);
			path = Business;
			sourceTree = "<group>";
		};
		53AE8E7329636D4100E4E080 /* Model */ = {
			isa = PBXGroup;
			children = (
				53AE8E7629636D9200E4E080 /* UserModel.swift */,
			);
			path = Model;
			sourceTree = "<group>";
		};
		53AE8E78296372F200E4E080 /* Infrastructure */ = {
			isa = PBXGroup;
			children = (
				53AE8E792963732800E4E080 /* Constants.swift */,
			);
			path = Infrastructure;
			sourceTree = "<group>";
		};
		9CC125CB79F9AA508E2A1863 /* Pods */ = {
			isa = PBXGroup;
			children = (
				18E2E2CD9E29772F5A935BB7 /* Pods-SwiftArquitetura.debug.xcconfig */,
				C4A82D5DF751001CD57B12A8 /* Pods-SwiftArquitetura.release.xcconfig */,
			);
			path = Pods;
			sourceTree = "<group>";
		};
		D8A1DD8909C2656C98B192B9 /* Frameworks */ = {
			isa = PBXGroup;
			children = (
				95727D11ED6D6BAEF84C8A48 /* Pods_SwiftArquitetura.framework */,
			);
			name = Frameworks;
			sourceTree = "<group>";
		};
/* End PBXGroup section */

/* Begin PBXNativeTarget section */
		53AE8E542963275600E4E080 /* SwiftArquitetura */ = {
			isa = PBXNativeTarget;
			buildConfigurationList = 53AE8E692963275E00E4E080 /* Build configuration list for PBXNativeTarget "SwiftArquitetura" */;
			buildPhases = (
				2939F089663FD59231A13655 /* [CP] Check Pods Manifest.lock */,
				53AE8E512963275600E4E080 /* Sources */,
				53AE8E522963275600E4E080 /* Frameworks */,
				53AE8E532963275600E4E080 /* Resources */,
				4199C98899CB9E2BA61ADC5B /* [CP] Embed Pods Frameworks */,
			);
			buildRules = (
			);
			dependencies = (
			);
			name = SwiftArquitetura;
			productName = SwiftArquitetura;
			productReference = 53AE8E552963275600E4E080 /* SwiftArquitetura.app */;
			productType = "com.apple.product-type.application";
		};
/* End PBXNativeTarget section */

/* Begin PBXProject section */
		53AE8E4D2963275500E4E080 /* Project object */ = {
			isa = PBXProject;
			attributes = {
				BuildIndependentTargetsInParallel = 1;
				LastSwiftUpdateCheck = 1340;
				LastUpgradeCheck = 1340;
				TargetAttributes = {
					53AE8E542963275600E4E080 = {
						CreatedOnToolsVersion = 13.4.1;
					};
				};
			};
			buildConfigurationList = 53AE8E502963275500E4E080 /* Build configuration list for PBXProject "SwiftArquitetura" */;
			compatibilityVersion = "Xcode 13.0";
			developmentRegion = en;
			hasScannedForEncodings = 0;
			knownRegions = (
				en,
				Base,
			);
			mainGroup = 53AE8E4C2963275500E4E080;
			productRefGroup = 53AE8E562963275600E4E080 /* Products */;
			projectDirPath = "";
			projectRoot = "";
			targets = (
				53AE8E542963275600E4E080 /* SwiftArquitetura */,
			);
		};
/* End PBXProject section */

/* Begin PBXResourcesBuildPhase section */
		53AE8E532963275600E4E080 /* Resources */ = {
			isa = PBXResourcesBuildPhase;
			buildActionMask = 2147483647;
			files = (
				53AE8E652963275E00E4E080 /* LaunchScreen.storyboard in Resources */,
				53AE8E622963275E00E4E080 /* Assets.xcassets in Resources */,
				53AE8E602963275600E4E080 /* Main.storyboard in Resources */,
			);
			runOnlyForDeploymentPostprocessing = 0;
		};
/* End PBXResourcesBuildPhase section */

/* Begin PBXShellScriptBuildPhase section */
		2939F089663FD59231A13655 /* [CP] Check Pods Manifest.lock */ = {
			isa = PBXShellScriptBuildPhase;
			buildActionMask = 2147483647;
			files = (
			);
			inputFileListPaths = (
			);
			inputPaths = (
				"${PODS_PODFILE_DIR_PATH}/Podfile.lock",
				"${PODS_ROOT}/Manifest.lock",
			);
			name = "[CP] Check Pods Manifest.lock";
			outputFileListPaths = (
			);
			outputPaths = (
				"$(DERIVED_FILE_DIR)/Pods-SwiftArquitetura-checkManifestLockResult.txt",
			);
			runOnlyForDeploymentPostprocessing = 0;
			shellPath = /bin/sh;
			shellScript = "diff \"${PODS_PODFILE_DIR_PATH}/Podfile.lock\" \"${PODS_ROOT}/Manifest.lock\" > /dev/null\nif [ $? != 0 ] ; then\n    # print error to STDERR\n    echo \"error: The sandbox is not in sync with the Podfile.lock. Run 'pod install' or update your CocoaPods installation.\" >&2\n    exit 1\nfi\n# This output is used by Xcode 'outputs' to avoid re-running this script phase.\necho \"SUCCESS\" > \"${SCRIPT_OUTPUT_FILE_0}\"\n";
			showEnvVarsInLog = 0;
		};
		4199C98899CB9E2BA61ADC5B /* [CP] Embed Pods Frameworks */ = {
			isa = PBXShellScriptBuildPhase;
			buildActionMask = 2147483647;
			files = (
			);
			inputFileListPaths = (
				"${PODS_ROOT}/Target Support Files/Pods-SwiftArquitetura/Pods-SwiftArquitetura-frameworks-${CONFIGURATION}-input-files.xcfilelist",
			);
			name = "[CP] Embed Pods Frameworks";
			outputFileListPaths = (
				"${PODS_ROOT}/Target Support Files/Pods-SwiftArquitetura/Pods-SwiftArquitetura-frameworks-${CONFIGURATION}-output-files.xcfilelist",
			);
			runOnlyForDeploymentPostprocessing = 0;
			shellPath = /bin/sh;
			shellScript = "\"${PODS_ROOT}/Target Support Files/Pods-SwiftArquitetura/Pods-SwiftArquitetura-frameworks.sh\"\n";
			showEnvVarsInLog = 0;
		};
/* End PBXShellScriptBuildPhase section */

/* Begin PBXSourcesBuildPhase section */
		53AE8E512963275600E4E080 /* Sources */ = {
			isa = PBXSourcesBuildPhase;
			buildActionMask = 2147483647;
			files = (
				53AE8E5D2963275600E4E080 /* ViewController.swift in Sources */,
				53AE8E592963275600E4E080 /* AppDelegate.swift in Sources */,
				53AE8E5B2963275600E4E080 /* SceneDelegate.swift in Sources */,
				53AE8E7729636D9200E4E080 /* UserModel.swift in Sources */,
				53AE8E7229636CC100E4E080 /* UserProvider.swift in Sources */,
				53AE8E7A2963732900E4E080 /* Constants.swift in Sources */,
			);
			runOnlyForDeploymentPostprocessing = 0;
		};
/* End PBXSourcesBuildPhase section */

/* Begin PBXVariantGroup section */
		53AE8E5E2963275600E4E080 /* Main.storyboard */ = {
			isa = PBXVariantGroup;
			children = (
				53AE8E5F2963275600E4E080 /* Base */,
			);
			name = Main.storyboard;
			sourceTree = "<group>";
		};
		53AE8E632963275E00E4E080 /* LaunchScreen.storyboard */ = {
			isa = PBXVariantGroup;
			children = (
				53AE8E642963275E00E4E080 /* Base */,
			);
			name = LaunchScreen.storyboard;
			sourceTree = "<group>";
		};
/* End PBXVariantGroup section */

/* Begin XCBuildConfiguration section */
		53AE8E672963275E00E4E080 /* Debug */ = {
			isa = XCBuildConfiguration;
			buildSettings = {
				ALWAYS_SEARCH_USER_PATHS = NO;
				CLANG_ANALYZER_NONNULL = YES;
				CLANG_ANALYZER_NUMBER_OBJECT_CONVERSION = YES_AGGRESSIVE;
				CLANG_CXX_LANGUAGE_STANDARD = "gnu++17";
				CLANG_ENABLE_MODULES = YES;
				CLANG_ENABLE_OBJC_ARC = YES;
				CLANG_ENABLE_OBJC_WEAK = YES;
				CLANG_WARN_BLOCK_CAPTURE_AUTORELEASING = YES;
				CLANG_WARN_BOOL_CONVERSION = YES;
				CLANG_WARN_COMMA = YES;
				CLANG_WARN_CONSTANT_CONVERSION = YES;
				CLANG_WARN_DEPRECATED_OBJC_IMPLEMENTATIONS = YES;
				CLANG_WARN_DIRECT_OBJC_ISA_USAGE = YES_ERROR;
				CLANG_WARN_DOCUMENTATION_COMMENTS = YES;
				CLANG_WARN_EMPTY_BODY = YES;
				CLANG_WARN_ENUM_CONVERSION = YES;
				CLANG_WARN_INFINITE_RECURSION = YES;
				CLANG_WARN_INT_CONVERSION = YES;
				CLANG_WARN_NON_LITERAL_NULL_CONVERSION = YES;
				CLANG_WARN_OBJC_IMPLICIT_RETAIN_SELF = YES;
				CLANG_WARN_OBJC_LITERAL_CONVERSION = YES;
				CLANG_WARN_OBJC_ROOT_CLASS = YES_ERROR;
				CLANG_WARN_QUOTED_INCLUDE_IN_FRAMEWORK_HEADER = YES;
				CLANG_WARN_RANGE_LOOP_ANALYSIS = YES;
				CLANG_WARN_STRICT_PROTOTYPES = YES;
				CLANG_WARN_SUSPICIOUS_MOVE = YES;
				CLANG_WARN_UNGUARDED_AVAILABILITY = YES_AGGRESSIVE;
				CLANG_WARN_UNREACHABLE_CODE = YES;
				CLANG_WARN__DUPLICATE_METHOD_MATCH = YES;
				COPY_PHASE_STRIP = NO;
				DEBUG_INFORMATION_FORMAT = dwarf;
				ENABLE_STRICT_OBJC_MSGSEND = YES;
				ENABLE_TESTABILITY = YES;
				GCC_C_LANGUAGE_STANDARD = gnu11;
				GCC_DYNAMIC_NO_PIC = NO;
				GCC_NO_COMMON_BLOCKS = YES;
				GCC_OPTIMIZATION_LEVEL = 0;
				GCC_PREPROCESSOR_DEFINITIONS = (
					"DEBUG=1",
					"$(inherited)",
				);
				GCC_WARN_64_TO_32_BIT_CONVERSION = YES;
				GCC_WARN_ABOUT_RETURN_TYPE = YES_ERROR;
				GCC_WARN_UNDECLARED_SELECTOR = YES;
				GCC_WARN_UNINITIALIZED_AUTOS = YES_AGGRESSIVE;
				GCC_WARN_UNUSED_FUNCTION = YES;
				GCC_WARN_UNUSED_VARIABLE = YES;
				IPHONEOS_DEPLOYMENT_TARGET = 15.5;
				MTL_ENABLE_DEBUG_INFO = INCLUDE_SOURCE;
				MTL_FAST_MATH = YES;
				ONLY_ACTIVE_ARCH = YES;
				SDKROOT = iphoneos;
				SWIFT_ACTIVE_COMPILATION_CONDITIONS = DEBUG;
				SWIFT_OPTIMIZATION_LEVEL = "-Onone";
			};
			name = Debug;
		};
		53AE8E682963275E00E4E080 /* Release */ = {
			isa = XCBuildConfiguration;
			buildSettings = {
				ALWAYS_SEARCH_USER_PATHS = NO;
				CLANG_ANALYZER_NONNULL = YES;
				CLANG_ANALYZER_NUMBER_OBJECT_CONVERSION = YES_AGGRESSIVE;
				CLANG_CXX_LANGUAGE_STANDARD = "gnu++17";
				CLANG_ENABLE_MODULES = YES;
				CLANG_ENABLE_OBJC_ARC = YES;
				CLANG_ENABLE_OBJC_WEAK = YES;
				CLANG_WARN_BLOCK_CAPTURE_AUTORELEASING = YES;
				CLANG_WARN_BOOL_CONVERSION = YES;
				CLANG_WARN_COMMA = YES;
				CLANG_WARN_CONSTANT_CONVERSION = YES;
				CLANG_WARN_DEPRECATED_OBJC_IMPLEMENTATIONS = YES;
				CLANG_WARN_DIRECT_OBJC_ISA_USAGE = YES_ERROR;
				CLANG_WARN_DOCUMENTATION_COMMENTS = YES;
				CLANG_WARN_EMPTY_BODY = YES;
				CLANG_WARN_ENUM_CONVERSION = YES;
				CLANG_WARN_INFINITE_RECURSION = YES;
				CLANG_WARN_INT_CONVERSION = YES;
				CLANG_WARN_NON_LITERAL_NULL_CONVERSION = YES;
				CLANG_WARN_OBJC_IMPLICIT_RETAIN_SELF = YES;
				CLANG_WARN_OBJC_LITERAL_CONVERSION = YES;
				CLANG_WARN_OBJC_ROOT_CLASS = YES_ERROR;
				CLANG_WARN_QUOTED_INCLUDE_IN_FRAMEWORK_HEADER = YES;
				CLANG_WARN_RANGE_LOOP_ANALYSIS = YES;
				CLANG_WARN_STRICT_PROTOTYPES = YES;
				CLANG_WARN_SUSPICIOUS_MOVE = YES;
				CLANG_WARN_UNGUARDED_AVAILABILITY = YES_AGGRESSIVE;
				CLANG_WARN_UNREACHABLE_CODE = YES;
				CLANG_WARN__DUPLICATE_METHOD_MATCH = YES;
				COPY_PHASE_STRIP = NO;
				DEBUG_INFORMATION_FORMAT = "dwarf-with-dsym";
				ENABLE_NS_ASSERTIONS = NO;
				ENABLE_STRICT_OBJC_MSGSEND = YES;
				GCC_C_LANGUAGE_STANDARD = gnu11;
				GCC_NO_COMMON_BLOCKS = YES;
				GCC_WARN_64_TO_32_BIT_CONVERSION = YES;
				GCC_WARN_ABOUT_RETURN_TYPE = YES_ERROR;
				GCC_WARN_UNDECLARED_SELECTOR = YES;
				GCC_WARN_UNINITIALIZED_AUTOS = YES_AGGRESSIVE;
				GCC_WARN_UNUSED_FUNCTION = YES;
				GCC_WARN_UNUSED_VARIABLE = YES;
				IPHONEOS_DEPLOYMENT_TARGET = 15.5;
				MTL_ENABLE_DEBUG_INFO = NO;
				MTL_FAST_MATH = YES;
				SDKROOT = iphoneos;
				SWIFT_COMPILATION_MODE = wholemodule;
				SWIFT_OPTIMIZATION_LEVEL = "-O";
				VALIDATE_PRODUCT = YES;
			};
			name = Release;
		};
		53AE8E6A2963275E00E4E080 /* Debug */ = {
			isa = XCBuildConfiguration;
			baseConfigurationReference = 18E2E2CD9E29772F5A935BB7 /* Pods-SwiftArquitetura.debug.xcconfig */;
			buildSettings = {
				ASSETCATALOG_COMPILER_APPICON_NAME = AppIcon;
				ASSETCATALOG_COMPILER_GLOBAL_ACCENT_COLOR_NAME = AccentColor;
				CODE_SIGN_STYLE = Automatic;
				CURRENT_PROJECT_VERSION = 1;
				DEVELOPMENT_TEAM = B97QWMT458;
				GENERATE_INFOPLIST_FILE = YES;
				INFOPLIST_FILE = SwiftArquitetura/Info.plist;
				INFOPLIST_KEY_UIApplicationSupportsIndirectInputEvents = YES;
				INFOPLIST_KEY_UILaunchStoryboardName = LaunchScreen;
				INFOPLIST_KEY_UIMainStoryboardFile = Main;
				INFOPLIST_KEY_UISupportedInterfaceOrientations_iPad = "UIInterfaceOrientationPortrait UIInterfaceOrientationPortraitUpsideDown UIInterfaceOrientationLandscapeLeft UIInterfaceOrientationLandscapeRight";
				INFOPLIST_KEY_UISupportedInterfaceOrientations_iPhone = "UIInterfaceOrientationPortrait UIInterfaceOrientationLandscapeLeft UIInterfaceOrientationLandscapeRight";
				LD_RUNPATH_SEARCH_PATHS = (
					"$(inherited)",
					"@executable_path/Frameworks",
				);
				MARKETING_VERSION = 1.0;
				PRODUCT_BUNDLE_IDENTIFIER = PaolaSoares.SwiftArquitetura;
				PRODUCT_NAME = "$(TARGET_NAME)";
				SWIFT_EMIT_LOC_STRINGS = YES;
				SWIFT_VERSION = 5.0;
				TARGETED_DEVICE_FAMILY = "1,2";
			};
			name = Debug;
		};
		53AE8E6B2963275E00E4E080 /* Release */ = {
			isa = XCBuildConfiguration;
			baseConfigurationReference = C4A82D5DF751001CD57B12A8 /* Pods-SwiftArquitetura.release.xcconfig */;
			buildSettings = {
				ASSETCATALOG_COMPILER_APPICON_NAME = AppIcon;
				ASSETCATALOG_COMPILER_GLOBAL_ACCENT_COLOR_NAME = AccentColor;
				CODE_SIGN_STYLE = Automatic;
				CURRENT_PROJECT_VERSION = 1;
				DEVELOPMENT_TEAM = B97QWMT458;
				GENERATE_INFOPLIST_FILE = YES;
				INFOPLIST_FILE = SwiftArquitetura/Info.plist;
				INFOPLIST_KEY_UIApplicationSupportsIndirectInputEvents = YES;
				INFOPLIST_KEY_UILaunchStoryboardName = LaunchScreen;
				INFOPLIST_KEY_UIMainStoryboardFile = Main;
				INFOPLIST_KEY_UISupportedInterfaceOrientations_iPad = "UIInterfaceOrientationPortrait UIInterfaceOrientationPortraitUpsideDown UIInterfaceOrientationLandscapeLeft UIInterfaceOrientationLandscapeRight";
				INFOPLIST_KEY_UISupportedInterfaceOrientations_iPhone = "UIInterfaceOrientationPortrait UIInterfaceOrientationLandscapeLeft UIInterfaceOrientationLandscapeRight";
				LD_RUNPATH_SEARCH_PATHS = (
					"$(inherited)",
					"@executable_path/Frameworks",
				);
				MARKETING_VERSION = 1.0;
				PRODUCT_BUNDLE_IDENTIFIER = PaolaSoares.SwiftArquitetura;
				PRODUCT_NAME = "$(TARGET_NAME)";
				SWIFT_EMIT_LOC_STRINGS = YES;
				SWIFT_VERSION = 5.0;
				TARGETED_DEVICE_FAMILY = "1,2";
			};
			name = Release;
		};
/* End XCBuildConfiguration section */

/* Begin XCConfigurationList section */
		53AE8E502963275500E4E080 /* Build configuration list for PBXProject "SwiftArquitetura" */ = {
			isa = XCConfigurationList;
			buildConfigurations = (
				53AE8E672963275E00E4E080 /* Debug */,
				53AE8E682963275E00E4E080 /* Release */,
			);
			defaultConfigurationIsVisible = 0;
			defaultConfigurationName = Release;
		};
		53AE8E692963275E00E4E080 /* Build configuration list for PBXNativeTarget "SwiftArquitetura" */ = {
			isa = XCConfigurationList;
			buildConfigurations = (
				53AE8E6A2963275E00E4E080 /* Debug */,
				53AE8E6B2963275E00E4E080 /* Release */,
			);
			defaultConfigurationIsVisible = 0;
			defaultConfigurationName = Release;
		};
/* End XCConfigurationList section */
	};
	rootObject = 53AE8E4D2963275500E4E080 /* Project object */;
}
